<?xml version="1.0" encoding="utf-8"?>
<Project ToolsVersion="4.0" xmlns="http://schemas.microsoft.com/developer/msbuild/2003">
  <ItemGroup>
    <Filter Include="Form Files">
      <UniqueIdentifier>{99349809-55BA-4b9d-BF79-8FDBB0286EB3}</UniqueIdentifier>
      <Extensions>ui</Extensions>
      <ParseFiles>false</ParseFiles>
    </Filter>
    <Filter Include="Form Files">
      <UniqueIdentifier>{99349809-55BA-4b9d-BF79-8FDBB0286EB3}</UniqueIdentifier>
      <Extensions>ui</Extensions>
      <ParseFiles>false</ParseFiles>
    </Filter>
    <Filter Include="Generated Files">
      <UniqueIdentifier>{71ED8ED8-ACB9-4CE9-BBE1-E00B30144E11}</UniqueIdentifier>
      <Extensions>cpp;c;cxx;moc;h;def;odl;idl;res;</Extensions>
    </Filter>
    <Filter Include="Generated Files">
      <UniqueIdentifier>{71ED8ED8-ACB9-4CE9-BBE1-E00B30144E11}</UniqueIdentifier>
      <Extensions>cpp;c;cxx;moc;h;def;odl;idl;res;</Extensions>
    </Filter>
    <Filter Include="Header Files">
      <UniqueIdentifier>{93995380-89BD-4b04-88EB-625FBE52EBFB}</UniqueIdentifier>
      <Extensions>h;hpp;hxx;hm;inl;inc;xsd</Extensions>
    </Filter>
    <Filter Include="Header Files">
      <UniqueIdentifier>{93995380-89BD-4b04-88EB-625FBE52EBFB}</UniqueIdentifier>
      <Extensions>h;hpp;hxx;hm;inl;inc;xsd</Extensions>
    </Filter>
    <Filter Include="Resource Files">
      <UniqueIdentifier>{D9D6E242-F8AF-46E4-B9FD-80ECBC20BA3E}</UniqueIdentifier>
      <Extensions>qrc;*</Extensions>
      <ParseFiles>false</ParseFiles>
    </Filter>
    <Filter Include="Resource Files">
      <UniqueIdentifier>{D9D6E242-F8AF-46E4-B9FD-80ECBC20BA3E}</UniqueIdentifier>
      <Extensions>qrc;*</Extensions>
      <ParseFiles>false</ParseFiles>
    </Filter>
    <Filter Include="Source Files">
      <UniqueIdentifier>{4FC737F1-C7A5-4376-A066-2A32D752A2FF}</UniqueIdentifier>
      <Extensions>cpp;c;cxx;def;odl;idl;hpj;bat;asm;asmx</Extensions>
    </Filter>
    <Filter Include="Source Files">
      <UniqueIdentifier>{4FC737F1-C7A5-4376-A066-2A32D752A2FF}</UniqueIdentifier>
      <Extensions>cpp;c;cxx;def;odl;idl;hpj;bat;asm;asmx</Extensions>
    </Filter>
  </ItemGroup>
  <ItemGroup>
    <ClCompile Include="BuildingLot.cpp">
      <Filter>Source Files</Filter>
    </ClCompile>
    <ClCompile Include="BuildingRegion.cpp">
      <Filter>Source Files</Filter>
    </ClCompile>
    <ClCompile Include="City.cpp">
      <Filter>Source Files</Filter>
    </ClCompile>
    <ClCompile Include="CityRegionGenerator.cpp">
      <Filter>Source Files</Filter>
    </ClCompile>
    <ClCompile Include="CityView2D.cpp">
      <Filter>Source Files</Filter>
    </ClCompile>
    <ClCompile Include="GLImagePreview.cpp">
      <Filter>Source Files</Filter>
    </ClCompile>
    <ClCompile Include="IntersectionGeometry.cpp">
      <Filter>Source Files</Filter>
    </ClCompile>
    <ClCompile Include="LSystem.cpp">
      <Filter>Source Files</Filter>
    </ClCompile>
    <ClCompile Include="Point.cpp">
      <Filter>Source Files</Filter>
    </ClCompile>
    <ClCompile Include="QStreetRenderWidget.cpp">
      <Filter>Source Files</Filter>
    </ClCompile>
    <ClCompile Include="Road.cpp">
      <Filter>Source Files</Filter>
    </ClCompile>
    <ClCompile Include="RoadGeometry.cpp">
      <Filter>Source Files</Filter>
    </ClCompile>
    <ClCompile Include="RoadIntersection.cpp">
      <Filter>Source Files</Filter>
    </ClCompile>
    <ClCompile Include="RoadVariable.cpp">
      <Filter>Source Files</Filter>
    </ClCompile>
    <ClCompile Include="SimpleStreetGeometryCreator.cpp">
      <Filter>Source Files</Filter>
    </ClCompile>
    <ClCompile Include="StreetGen.cpp">
      <Filter>Source Files</Filter>
    </ClCompile>
    <ClCompile Include="StreetManager.cpp">
      <Filter>Source Files</Filter>
    </ClCompile>
    <ClCompile Include="Variable.cpp">
      <Filter>Source Files</Filter>
    </ClCompile>
    <ClCompile Include="cityview3d.cpp">
      <Filter>Source Files</Filter>
    </ClCompile>
    <ClCompile Include="main.cpp">
      <Filter>Source Files</Filter>
    </ClCompile>
    <ClCompile Include="streetgenerator.cpp">
      <Filter>Source Files</Filter>
    </ClCompile>
  </ItemGroup>
  <ItemGroup>
    <ClInclude Include="BuildingLot.h">
      <Filter>Header Files</Filter>
    </ClInclude>
    <ClInclude Include="BuildingRegion.h">
      <Filter>Header Files</Filter>
    </ClInclude>
    <ClInclude Include="City.h">
      <Filter>Header Files</Filter>
    </ClInclude>
    <ClInclude Include="CityRegionGenerator.h">
      <Filter>Header Files</Filter>
    </ClInclude>
    <ClInclude Include="CityView2D.h">
      <Filter>Header Files</Filter>
    </ClInclude>
    <CustomBuild Include="GLImagePreview.h">
      <Filter>Header Files</Filter>
    </CustomBuild>
    <ClInclude Include="IntersectionGeometry.h">
      <Filter>Header Files</Filter>
    </ClInclude>
    <ClInclude Include="LSystem.h">
      <Filter>Header Files</Filter>
    </ClInclude>
    <ClInclude Include="Point.h">
      <Filter>Header Files</Filter>
    </ClInclude>
    <CustomBuild Include="QStreetRenderWidget.h">
      <Filter>Header Files</Filter>
    </CustomBuild>
    <ClInclude Include="Road.h">
      <Filter>Header Files</Filter>
    </ClInclude>
    <ClInclude Include="RoadGeometry.h">
      <Filter>Header Files</Filter>
    </ClInclude>
    <ClInclude Include="RoadIntersection.h">
      <Filter>Header Files</Filter>
    </ClInclude>
    <ClInclude Include="RoadVariable.h">
      <Filter>Header Files</Filter>
    </ClInclude>
    <ClInclude Include="SimpleStreetGeometryCreator.h">
      <Filter>Header Files</Filter>
    </ClInclude>
    <ClInclude Include="StreetGen.h">
      <Filter>Header Files</Filter>
    </ClInclude>
    <ClInclude Include="StreetManager.h">
      <Filter>Header Files</Filter>
    </ClInclude>
    <ClInclude Include="Variable.h">
      <Filter>Header Files</Filter>
    </ClInclude>
    <CustomBuild Include="cityview3d.h">
      <Filter>Header Files</Filter>
    </CustomBuild>
    <CustomBuild Include="streetgenerator.h">
      <Filter>Header Files</Filter>
    </CustomBuild>
    <ClInclude Include="Enums.h">
      <Filter>Header Files</Filter>
    </ClInclude>
  </ItemGroup>
  <ItemGroup>
    <ClCompile Include="GeneratedFiles\debug\moc_GLImagePreview.cpp">
      <Filter>Generated Files</Filter>
    </ClCompile>
    <ClCompile Include="GeneratedFiles\release\moc_GLImagePreview.cpp">
      <Filter>Generated Files</Filter>
    </ClCompile>
    <ClCompile Include="GeneratedFiles\debug\moc_QStreetRenderWidget.cpp">
      <Filter>Generated Files</Filter>
    </ClCompile>
    <ClCompile Include="GeneratedFiles\release\moc_QStreetRenderWidget.cpp">
      <Filter>Generated Files</Filter>
    </ClCompile>
    <ClCompile Include="GeneratedFiles\debug\moc_cityview3d.cpp">
      <Filter>Generated Files</Filter>
    </ClCompile>
    <ClCompile Include="GeneratedFiles\release\moc_cityview3d.cpp">
      <Filter>Generated Files</Filter>
    </ClCompile>
    <ClCompile Include="GeneratedFiles\debug\moc_streetgenerator.cpp">
      <Filter>Generated Files</Filter>
    </ClCompile>
    <ClCompile Include="GeneratedFiles\release\moc_streetgenerator.cpp">
      <Filter>Generated Files</Filter>
    </ClCompile>
    <ClCompile Include="GeneratedFiles\qrc_streetgenerator.cpp">
      <Filter>Generated Files</Filter>
    </ClCompile>
    <ClInclude Include="GeneratedFiles\ui_streetgenerator.h">
      <Filter>Generated Files</Filter>
    </ClInclude>
  </ItemGroup>
  <ItemGroup>
    <CustomBuild Include="streetgenerator.ui">
      <Filter>Form Files</Filter>
    </CustomBuild>
  </ItemGroup>
  <ItemGroup>
    <CustomBuild Include="streetgenerator.qrc">
      <Filter>Resource Files</Filter>
    </CustomBuild>
  </ItemGroup>
</Project>